
Microsoft Visual Studio Solution File, Format Version 12.00
# Visual Studio Version 17
VisualStudioVersion = 17.8.34525.116
MinimumVisualStudioVersion = 10.0.40219.1
Project("{FAE04EC0-301F-11D3-BF4B-00C04F79EFBC}") = "Degiskenler_Integer", "Degiskenler_Integer\Degiskenler_Integer.csproj", "{4A28F8C0-43F9-400C-98F2-E9489055F023}"
EndProject
Global
	GlobalSection(SolutionConfigurationPlatforms) = preSolution
		Debug|Any CPU = Debug|Any CPU
		Release|Any CPU = Release|Any CPU
	EndGlobalSection
	GlobalSection(ProjectConfigurationPlatforms) = postSolution
		{4A28F8C0-43F9-400C-98F2-E9489055F023}.Debug|Any CPU.ActiveCfg = Debug|Any CPU
		{4A28F8C0-43F9-400C-98F2-E9489055F023}.Debug|Any CPU.Build.0 = Debug|Any CPU
		{4A28F8C0-43F9-400C-98F2-E9489055F023}.Release|Any CPU.ActiveCfg = Release|Any CPU
		{4A28F8C0-43F9-400C-98F2-E9489055F023}.Release|Any CPU.Build.0 = Release|Any CPU
	EndGlobalSection
	GlobalSection(SolutionProperties) = preSolution
		HideSolutionNode = FALSE
	EndGlobalSection
	GlobalSection(ExtensibilityGlobals) = postSolution
		SolutionGuid = {7D98251E-8A2A-440F-9BE9-C086E600EA30}
	EndGlobalSection
EndGlobal
