
Microsoft Visual Studio Solution File, Format Version 12.00
# Visual Studio Version 17
VisualStudioVersion = 17.8.34525.116
MinimumVisualStudioVersion = 10.0.40219.1
Project("{FAE04EC0-301F-11D3-BF4B-00C04F79EFBC}") = "Degiskenler_Dort_Islem", "Degiskenler_Dort_Islem\Degiskenler_Dort_Islem.csproj", "{A9FF8380-7A8C-4C1F-857B-DCEAEAB7F106}"
EndProject
Global
	GlobalSection(SolutionConfigurationPlatforms) = preSolution
		Debug|Any CPU = Debug|Any CPU
		Release|Any CPU = Release|Any CPU
	EndGlobalSection
	GlobalSection(ProjectConfigurationPlatforms) = postSolution
		{A9FF8380-7A8C-4C1F-857B-DCEAEAB7F106}.Debug|Any CPU.ActiveCfg = Debug|Any CPU
		{A9FF8380-7A8C-4C1F-857B-DCEAEAB7F106}.Debug|Any CPU.Build.0 = Debug|Any CPU
		{A9FF8380-7A8C-4C1F-857B-DCEAEAB7F106}.Release|Any CPU.ActiveCfg = Release|Any CPU
		{A9FF8380-7A8C-4C1F-857B-DCEAEAB7F106}.Release|Any CPU.Build.0 = Release|Any CPU
	EndGlobalSection
	GlobalSection(SolutionProperties) = preSolution
		HideSolutionNode = FALSE
	EndGlobalSection
	GlobalSection(ExtensibilityGlobals) = postSolution
		SolutionGuid = {81FAF7CE-6823-4BB0-B643-0337154020F7}
	EndGlobalSection
EndGlobal
