
Microsoft Visual Studio Solution File, Format Version 12.00
# Visual Studio Version 17
VisualStudioVersion = 17.8.34525.116
MinimumVisualStudioVersion = 10.0.40219.1
Project("{FAE04EC0-301F-11D3-BF4B-00C04F79EFBC}") = "BonusOkul", "BonusOkul\BonusOkul.csproj", "{A9C7C44B-045F-4C2D-9657-28581D0F277A}"
EndProject
Global
	GlobalSection(SolutionConfigurationPlatforms) = preSolution
		Debug|Any CPU = Debug|Any CPU
		Release|Any CPU = Release|Any CPU
	EndGlobalSection
	GlobalSection(ProjectConfigurationPlatforms) = postSolution
		{A9C7C44B-045F-4C2D-9657-28581D0F277A}.Debug|Any CPU.ActiveCfg = Debug|Any CPU
		{A9C7C44B-045F-4C2D-9657-28581D0F277A}.Debug|Any CPU.Build.0 = Debug|Any CPU
		{A9C7C44B-045F-4C2D-9657-28581D0F277A}.Release|Any CPU.ActiveCfg = Release|Any CPU
		{A9C7C44B-045F-4C2D-9657-28581D0F277A}.Release|Any CPU.Build.0 = Release|Any CPU
	EndGlobalSection
	GlobalSection(SolutionProperties) = preSolution
		HideSolutionNode = FALSE
	EndGlobalSection
	GlobalSection(ExtensibilityGlobals) = postSolution
		SolutionGuid = {04E261EB-BC86-466C-B81F-20679DABB572}
	EndGlobalSection
EndGlobal
