
Microsoft Visual Studio Solution File, Format Version 12.00
# Visual Studio Version 17
VisualStudioVersion = 17.8.34525.116
MinimumVisualStudioVersion = 10.0.40219.1
Project("{FAE04EC0-301F-11D3-BF4B-00C04F79EFBC}") = "Donguler_Do_While", "Donguler_Do_While\Donguler_Do_While.csproj", "{A72619D2-16C5-4A76-AB83-4ADFE4C08068}"
EndProject
Global
	GlobalSection(SolutionConfigurationPlatforms) = preSolution
		Debug|Any CPU = Debug|Any CPU
		Release|Any CPU = Release|Any CPU
	EndGlobalSection
	GlobalSection(ProjectConfigurationPlatforms) = postSolution
		{A72619D2-16C5-4A76-AB83-4ADFE4C08068}.Debug|Any CPU.ActiveCfg = Debug|Any CPU
		{A72619D2-16C5-4A76-AB83-4ADFE4C08068}.Debug|Any CPU.Build.0 = Debug|Any CPU
		{A72619D2-16C5-4A76-AB83-4ADFE4C08068}.Release|Any CPU.ActiveCfg = Release|Any CPU
		{A72619D2-16C5-4A76-AB83-4ADFE4C08068}.Release|Any CPU.Build.0 = Release|Any CPU
	EndGlobalSection
	GlobalSection(SolutionProperties) = preSolution
		HideSolutionNode = FALSE
	EndGlobalSection
	GlobalSection(ExtensibilityGlobals) = postSolution
		SolutionGuid = {823DA0A7-6830-4DD9-8AF6-A99DB6F8935E}
	EndGlobalSection
EndGlobal
