
Microsoft Visual Studio Solution File, Format Version 12.00
# Visual Studio Version 17
VisualStudioVersion = 17.8.34525.116
MinimumVisualStudioVersion = 10.0.40219.1
Project("{FAE04EC0-301F-11D3-BF4B-00C04F79EFBC}") = "Random", "Random\Random.csproj", "{8BC108EA-BE94-44F6-B988-E2FD37DFE477}"
EndProject
Global
	GlobalSection(SolutionConfigurationPlatforms) = preSolution
		Debug|Any CPU = Debug|Any CPU
		Release|Any CPU = Release|Any CPU
	EndGlobalSection
	GlobalSection(ProjectConfigurationPlatforms) = postSolution
		{8BC108EA-BE94-44F6-B988-E2FD37DFE477}.Debug|Any CPU.ActiveCfg = Debug|Any CPU
		{8BC108EA-BE94-44F6-B988-E2FD37DFE477}.Debug|Any CPU.Build.0 = Debug|Any CPU
		{8BC108EA-BE94-44F6-B988-E2FD37DFE477}.Release|Any CPU.ActiveCfg = Release|Any CPU
		{8BC108EA-BE94-44F6-B988-E2FD37DFE477}.Release|Any CPU.Build.0 = Release|Any CPU
	EndGlobalSection
	GlobalSection(SolutionProperties) = preSolution
		HideSolutionNode = FALSE
	EndGlobalSection
	GlobalSection(ExtensibilityGlobals) = postSolution
		SolutionGuid = {7D1A8391-A0A4-4F81-9456-705B6961A57E}
	EndGlobalSection
EndGlobal
