
Microsoft Visual Studio Solution File, Format Version 12.00
# Visual Studio Version 17
VisualStudioVersion = 17.8.34525.116
MinimumVisualStudioVersion = 10.0.40219.1
Project("{FAE04EC0-301F-11D3-BF4B-00C04F79EFBC}") = "Metin_Belgesi", "Metin_Belgesi\Metin_Belgesi.csproj", "{E4D63B88-BAC2-47ED-BED8-A6E14D6EE07E}"
EndProject
Global
	GlobalSection(SolutionConfigurationPlatforms) = preSolution
		Debug|Any CPU = Debug|Any CPU
		Release|Any CPU = Release|Any CPU
	EndGlobalSection
	GlobalSection(ProjectConfigurationPlatforms) = postSolution
		{E4D63B88-BAC2-47ED-BED8-A6E14D6EE07E}.Debug|Any CPU.ActiveCfg = Debug|Any CPU
		{E4D63B88-BAC2-47ED-BED8-A6E14D6EE07E}.Debug|Any CPU.Build.0 = Debug|Any CPU
		{E4D63B88-BAC2-47ED-BED8-A6E14D6EE07E}.Release|Any CPU.ActiveCfg = Release|Any CPU
		{E4D63B88-BAC2-47ED-BED8-A6E14D6EE07E}.Release|Any CPU.Build.0 = Release|Any CPU
	EndGlobalSection
	GlobalSection(SolutionProperties) = preSolution
		HideSolutionNode = FALSE
	EndGlobalSection
	GlobalSection(ExtensibilityGlobals) = postSolution
		SolutionGuid = {E24C4755-4CBF-4C25-933B-CEA2A27B01D2}
	EndGlobalSection
EndGlobal
