
Microsoft Visual Studio Solution File, Format Version 12.00
# Visual Studio Version 17
VisualStudioVersion = 17.8.34525.116
MinimumVisualStudioVersion = 10.0.40219.1
Project("{FAE04EC0-301F-11D3-BF4B-00C04F79EFBC}") = "Try_Catch_Kullanimi", "Try_Catch_Kullanimi\Try_Catch_Kullanimi.csproj", "{7AFB10FC-7168-44E3-8C3D-BC1F896E8487}"
EndProject
Global
	GlobalSection(SolutionConfigurationPlatforms) = preSolution
		Debug|Any CPU = Debug|Any CPU
		Release|Any CPU = Release|Any CPU
	EndGlobalSection
	GlobalSection(ProjectConfigurationPlatforms) = postSolution
		{7AFB10FC-7168-44E3-8C3D-BC1F896E8487}.Debug|Any CPU.ActiveCfg = Debug|Any CPU
		{7AFB10FC-7168-44E3-8C3D-BC1F896E8487}.Debug|Any CPU.Build.0 = Debug|Any CPU
		{7AFB10FC-7168-44E3-8C3D-BC1F896E8487}.Release|Any CPU.ActiveCfg = Release|Any CPU
		{7AFB10FC-7168-44E3-8C3D-BC1F896E8487}.Release|Any CPU.Build.0 = Release|Any CPU
	EndGlobalSection
	GlobalSection(SolutionProperties) = preSolution
		HideSolutionNode = FALSE
	EndGlobalSection
	GlobalSection(ExtensibilityGlobals) = postSolution
		SolutionGuid = {DBC687D8-B654-4824-A9B2-08F9856CE175}
	EndGlobalSection
EndGlobal
