
Microsoft Visual Studio Solution File, Format Version 12.00
# Visual Studio Version 17
VisualStudioVersion = 17.8.34525.116
MinimumVisualStudioVersion = 10.0.40219.1
Project("{FAE04EC0-301F-11D3-BF4B-00C04F79EFBC}") = "Timer", "Timer\Timer.csproj", "{9455E603-D167-4F2D-B0BB-B8A4EE436819}"
EndProject
Global
	GlobalSection(SolutionConfigurationPlatforms) = preSolution
		Debug|Any CPU = Debug|Any CPU
		Release|Any CPU = Release|Any CPU
	EndGlobalSection
	GlobalSection(ProjectConfigurationPlatforms) = postSolution
		{9455E603-D167-4F2D-B0BB-B8A4EE436819}.Debug|Any CPU.ActiveCfg = Debug|Any CPU
		{9455E603-D167-4F2D-B0BB-B8A4EE436819}.Debug|Any CPU.Build.0 = Debug|Any CPU
		{9455E603-D167-4F2D-B0BB-B8A4EE436819}.Release|Any CPU.ActiveCfg = Release|Any CPU
		{9455E603-D167-4F2D-B0BB-B8A4EE436819}.Release|Any CPU.Build.0 = Release|Any CPU
	EndGlobalSection
	GlobalSection(SolutionProperties) = preSolution
		HideSolutionNode = FALSE
	EndGlobalSection
	GlobalSection(ExtensibilityGlobals) = postSolution
		SolutionGuid = {5575B540-4999-4B58-9BC9-C57D3E3F3139}
	EndGlobalSection
EndGlobal
